Microsoft Visual Studio Solution File, Format Version 12.00
# Visual Studio Version 17
VisualStudioVersion = 17.5.2.0
MinimumVisualStudioVersion = 10.0.40219.1
Project("{FAE04EC0-301F-11D3-BF4B-00C04F79EFBC}") = "ApiBitzen", "ApiBitzen\ApiBitzen.csproj", "{3EEE5E20-83F7-FA81-BD8C-85B748EAD196}"
EndProject
Global
	GlobalSection(SolutionConfigurationPlatforms) = preSolution
		Debug|Any CPU = Debug|Any CPU
		Release|Any CPU = Release|Any CPU
	EndGlobalSection
	GlobalSection(ProjectConfigurationPlatforms) = postSolution
		{3EEE5E20-83F7-FA81-BD8C-85B748EAD196}.Debug|Any CPU.ActiveCfg = Debug|Any CPU
		{3EEE5E20-83F7-FA81-BD8C-85B748EAD196}.Debug|Any CPU.Build.0 = Debug|Any CPU
		{3EEE5E20-83F7-FA81-BD8C-85B748EAD196}.Release|Any CPU.ActiveCfg = Release|Any CPU
		{3EEE5E20-83F7-FA81-BD8C-85B748EAD196}.Release|Any CPU.Build.0 = Release|Any CPU
	EndGlobalSection
	GlobalSection(SolutionProperties) = preSolution
		HideSolutionNode = FALSE
	EndGlobalSection
	GlobalSection(ExtensibilityGlobals) = postSolution
		SolutionGuid = {A3FB8EDD-2D0F-4762-AF3B-C437540A7255}
	EndGlobalSection
EndGlobal
